<?xml version="1.0" encoding="utf-8"?>
<Project ToolsVersion="4.0" xmlns="http://schemas.microsoft.com/developer/msbuild/2003">
  <ItemGroup>
    <Filter Include="FrameWork">
      <UniqueIdentifier>{5da2349f-a1b9-4758-b7e8-8292bd2f5733}</UniqueIdentifier>
    </Filter>
    <Filter Include="FrameWork\Camera">
      <UniqueIdentifier>{f1ea25eb-c415-44e9-a110-7fb0fcfe92ea}</UniqueIdentifier>
    </Filter>
    <Filter Include="FrameWork\Sound">
      <UniqueIdentifier>{96d34e0a-fb0c-43e8-a24f-aa89f5730b67}</UniqueIdentifier>
    </Filter>
    <Filter Include="FrameWork\Animation">
      <UniqueIdentifier>{caf24671-0573-4091-b5ba-e9831ea1436f}</UniqueIdentifier>
    </Filter>
    <Filter Include="FrameWork\Scene">
      <UniqueIdentifier>{2b88124f-7d78-4ddf-b96f-a179da210d98}</UniqueIdentifier>
    </Filter>
    <Filter Include="Object">
      <UniqueIdentifier>{b8fd9879-7798-4c9a-a760-805c1b5b6f71}</UniqueIdentifier>
    </Filter>
    <Filter Include="FrameWork\Grid">
      <UniqueIdentifier>{3f25c0b2-efd5-4d4e-96cf-94647704c48f}</UniqueIdentifier>
    </Filter>
    <Filter Include="WinMain">
      <UniqueIdentifier>{537cb778-8c47-49a8-96f3-9f7e33bc543a}</UniqueIdentifier>
    </Filter>
    <Filter Include="Game">
      <UniqueIdentifier>{c53f67eb-a4d5-41dc-9e3d-d78635c055e8}</UniqueIdentifier>
    </Filter>
    <Filter Include="Object\StaticObject">
      <UniqueIdentifier>{b7ca9b8d-e859-4be8-aefd-7dd7432454f1}</UniqueIdentifier>
    </Filter>
    <Filter Include="Object\DynamicObject">
      <UniqueIdentifier>{7543ce83-9286-4dd4-bdba-ee84956cf692}</UniqueIdentifier>
    </Filter>
    <Filter Include="Object\StaticObject\Brick">
      <UniqueIdentifier>{e3b584db-529d-4060-a9f2-2cdd265b4102}</UniqueIdentifier>
    </Filter>
    <Filter Include="Object\StaticObject\Gate">
      <UniqueIdentifier>{0811b715-600c-4fbc-81d8-874f2f014ae4}</UniqueIdentifier>
    </Filter>
    <Filter Include="Object\StaticObject\Ladder">
      <UniqueIdentifier>{553034c4-f758-447c-8d84-a9df2a19c78d}</UniqueIdentifier>
    </Filter>
    <Filter Include="Object\StaticObject\Magma">
      <UniqueIdentifier>{a1d819dc-0e2f-4596-a7e8-0c2339efab14}</UniqueIdentifier>
    </Filter>
    <Filter Include="Object\DynamicObject\Insect">
      <UniqueIdentifier>{149b18bc-af7e-4c61-aa1a-c17f0de71465}</UniqueIdentifier>
    </Filter>
    <Filter Include="Object\DynamicObject\Jumper2">
      <UniqueIdentifier>{dc3aa88e-aaaa-4b37-9c0b-d3daa6b2cf3f}</UniqueIdentifier>
    </Filter>
    <Filter Include="Object\DynamicObject\Orb">
      <UniqueIdentifier>{ab90233f-ae00-4924-8b0d-35ef64681004}</UniqueIdentifier>
    </Filter>
    <Filter Include="TinyXML">
      <UniqueIdentifier>{19be9082-6f04-481b-95fc-354f6e0f1054}</UniqueIdentifier>
    </Filter>
    <Filter Include="Resources">
      <UniqueIdentifier>{b983dcbe-fbbc-484d-8ead-764b270754c4}</UniqueIdentifier>
    </Filter>
    <Filter Include="Resources\Sprites">
      <UniqueIdentifier>{7f3388ee-650b-44ac-9d43-96c1b79721a1}</UniqueIdentifier>
    </Filter>
    <Filter Include="Resources\Sprites\Enemy">
      <UniqueIdentifier>{8d85ee26-0951-4beb-bc65-13f3f0f71007}</UniqueIdentifier>
    </Filter>
    <Filter Include="Resources\Sprites\Player">
      <UniqueIdentifier>{09574a41-bd5f-4cf8-9cde-86832da48abd}</UniqueIdentifier>
    </Filter>
    <Filter Include="Resources\Sprites\Map">
      <UniqueIdentifier>{8924971d-508b-4fba-aec8-b9754b18b452}</UniqueIdentifier>
    </Filter>
    <Filter Include="Resources\GameIcon">
      <UniqueIdentifier>{42cd039f-cef7-485b-b874-7863e518d791}</UniqueIdentifier>
    </Filter>
    <Filter Include="Resources\Sprites\Map\Area2">
      <UniqueIdentifier>{8d2d1433-e260-45f6-a037-c18d4b068c54}</UniqueIdentifier>
    </Filter>
    <Filter Include="Object\DynamicObject\Skull">
      <UniqueIdentifier>{85c2dce0-a24b-4d69-950e-27ee3a6610ab}</UniqueIdentifier>
    </Filter>
    <Filter Include="Object\DynamicObject\Teleporter">
      <UniqueIdentifier>{fc173de4-a773-498d-8866-bf572300616b}</UniqueIdentifier>
    </Filter>
    <Filter Include="Utils">
      <UniqueIdentifier>{d09617a2-9564-4d52-a7b0-401d9dc3c311}</UniqueIdentifier>
    </Filter>
    <Filter Include="Object\DynamicObject\Player">
      <UniqueIdentifier>{a5e068a8-9d96-4f8c-ac78-91f3494cf41d}</UniqueIdentifier>
    </Filter>
    <Filter Include="Object\DynamicObject\Player\Sophia">
      <UniqueIdentifier>{f0d2d217-8950-4a50-a8b1-a76f2804eb21}</UniqueIdentifier>
    </Filter>
    <Filter Include="Object\DynamicObject\Player\Jason">
      <UniqueIdentifier>{e7f38ce0-9065-40b2-aec3-fe9f9924688c}</UniqueIdentifier>
    </Filter>
    <Filter Include="Object\DynamicObject\Player\MiniJason">
      <UniqueIdentifier>{295d4485-3a37-4c97-baec-632890b7c462}</UniqueIdentifier>
    </Filter>
    <Filter Include="Scenes">
      <UniqueIdentifier>{d91a66a6-da7d-404e-b0f2-5ee72252b808}</UniqueIdentifier>
    </Filter>
    <Filter Include="Object\DynamicObject\Worm">
      <UniqueIdentifier>{60e4d6fc-0134-464e-8454-669f63b6d3c8}</UniqueIdentifier>
    </Filter>
    <Filter Include="Object\DynamicObject\Dome">
      <UniqueIdentifier>{a3ba8728-4165-43c9-a308-319231f485e2}</UniqueIdentifier>
    </Filter>
    <Filter Include="Object\DynamicObject\Floater2">
      <UniqueIdentifier>{58772946-68b0-4124-be24-4fa39fe12931}</UniqueIdentifier>
    </Filter>
    <Filter Include="Resources\Config">
      <UniqueIdentifier>{61de8993-958a-4ff3-9dff-adad6005d00f}</UniqueIdentifier>
    </Filter>
    <Filter Include="Object\DynamicObject\Mine">
      <UniqueIdentifier>{c9fcbcbc-3c0c-421b-8d7e-fdb7599e4975}</UniqueIdentifier>
    </Filter>
    <Filter Include="FrameWork\Section">
      <UniqueIdentifier>{edab51e8-ca49-48a3-ad93-1c038c49676d}</UniqueIdentifier>
    </Filter>
    <Filter Include="Resources\Config\area2">
      <UniqueIdentifier>{eac9bea8-7c1a-45f9-816e-e893ccad46f4}</UniqueIdentifier>
    </Filter>
    <Filter Include="Resources\Background">
      <UniqueIdentifier>{1dbe0f61-73ca-43d3-84e8-f99195ed38b2}</UniqueIdentifier>
    </Filter>
    <Filter Include="FrameWork\Section\Transition">
      <UniqueIdentifier>{6fd80b78-fc6b-4107-b003-b4053dff59c3}</UniqueIdentifier>
    </Filter>
    <Filter Include="Resources\Foreground">
      <UniqueIdentifier>{bb68b6dc-3f21-4b9f-b286-399586ca48c2}</UniqueIdentifier>
    </Filter>
    <Filter Include="Resources\Sprites\Item">
      <UniqueIdentifier>{ab8e5c48-06f3-4ed0-9aa2-01a202035908}</UniqueIdentifier>
    </Filter>
    <Filter Include="Object\DynamicObject\Cannon">
      <UniqueIdentifier>{0d064d9f-ded5-47dc-bfed-5ae0ab6558d3}</UniqueIdentifier>
    </Filter>
    <Filter Include="Object\DynamicObject\Eyeball">
      <UniqueIdentifier>{1ce8f857-069d-47c6-b0af-e2347053f51b}</UniqueIdentifier>
    </Filter>
    <Filter Include="Object\DynamicObject\Boss">
      <UniqueIdentifier>{a496bcc5-bfc1-4402-8494-b1f84a5470f6}</UniqueIdentifier>
    </Filter>
    <Filter Include="Resources\Sprites\Boss">
      <UniqueIdentifier>{239368fe-9de9-4918-9619-7b1d7c42c84c}</UniqueIdentifier>
    </Filter>
    <Filter Include="Object\DynamicObject\Bullet">
      <UniqueIdentifier>{4f7fc8bb-9746-4f47-a8b5-bbbb648533e9}</UniqueIdentifier>
    </Filter>
    <Filter Include="Resources\Sprites\StatusBar">
      <UniqueIdentifier>{dd3f18b8-60b6-4667-aaa2-ef4be975e54c}</UniqueIdentifier>
    </Filter>
    <Filter Include="Object\DynamicObject\StatusBar">
      <UniqueIdentifier>{82aed2fd-3cfc-4782-b753-3cd8142cca29}</UniqueIdentifier>
    </Filter>
    <Filter Include="Object\DynamicObject\StatusBar\HpBar">
      <UniqueIdentifier>{cd336f95-33c7-4b25-99c5-56cd586c2d7b}</UniqueIdentifier>
    </Filter>
    <Filter Include="Object\StaticObject\Spike">
      <UniqueIdentifier>{4c49b37d-d192-498b-ba64-c6a50efc4ca1}</UniqueIdentifier>
    </Filter>
    <Filter Include="Resources\Sprites\Map\Overworld">
      <UniqueIdentifier>{c797b775-d19c-48fa-b7a2-c6192fe4aba9}</UniqueIdentifier>
    </Filter>
    <Filter Include="Resources\Config\overworld">
      <UniqueIdentifier>{72ba0ac4-24e5-47fc-950a-16206dcd16fd}</UniqueIdentifier>
    </Filter>
    <Filter Include="KeyHandler">
      <UniqueIdentifier>{93995380-89BD-4b04-88EB-625FBE52EBFB}</UniqueIdentifier>
      <Extensions>h;hh;hpp;hxx;h++;hm;inl;inc;ipp;xsd</Extensions>
    </Filter>
    <Filter Include="Resources\Sound">
      <UniqueIdentifier>{cc816183-1e1e-418b-ab35-e28f63fdecfe}</UniqueIdentifier>
    </Filter>
    <Filter Include="FrameWork\SaveData">
      <UniqueIdentifier>{beb66843-7fbe-41ff-8ab9-e1c154ed9d31}</UniqueIdentifier>
    </Filter>
    <Filter Include="Object\DynamicObject\Bullet\JasonBullet">
      <UniqueIdentifier>{025bbc3e-848b-4d85-aea9-c057f8db7a45}</UniqueIdentifier>
    </Filter>
    <Filter Include="Object\DynamicObject\Bullet\SophiaBullet">
      <UniqueIdentifier>{d10be47b-fde7-4e0a-883a-eca8294066d5}</UniqueIdentifier>
    </Filter>
    <Filter Include="Object\DynamicObject\Bullet\MiniJasonBullet">
      <UniqueIdentifier>{dd4afb15-250c-40bb-95f6-9e304078e7d5}</UniqueIdentifier>
    </Filter>
  </ItemGroup>
  <ItemGroup>
    <ClInclude Include="KeyEventHandler.h">
      <Filter>KeyHandler</Filter>
    </ClInclude>
    <ClInclude Include="Camera.h">
      <Filter>FrameWork\Camera</Filter>
    </ClInclude>
    <ClInclude Include="Sprites.h">
      <Filter>FrameWork\Animation</Filter>
    </ClInclude>
    <ClInclude Include="Textures.h">
      <Filter>FrameWork\Animation</Filter>
    </ClInclude>
    <ClInclude Include="Grid.h">
      <Filter>FrameWork\Grid</Filter>
    </ClInclude>
    <ClInclude Include="Game.h">
      <Filter>Game</Filter>
    </ClInclude>
    <ClInclude Include="GameObject.h">
      <Filter>Object</Filter>
    </ClInclude>
    <ClInclude Include="StaticGameObject.h">
      <Filter>Object</Filter>
    </ClInclude>
    <ClInclude Include="Brick.h">
      <Filter>Object\StaticObject\Brick</Filter>
    </ClInclude>
    <ClInclude Include="CGate.h">
      <Filter>Object\StaticObject\Gate</Filter>
    </ClInclude>
    <ClInclude Include="CLadder.h">
      <Filter>Object\StaticObject\Ladder</Filter>
    </ClInclude>
    <ClInclude Include="CMagma.h">
      <Filter>Object\StaticObject\Magma</Filter>
    </ClInclude>
    <ClInclude Include="Insect.h">
      <Filter>Object\DynamicObject\Insect</Filter>
    </ClInclude>
    <ClInclude Include="Jumper2.h">
      <Filter>Object\DynamicObject\Jumper2</Filter>
    </ClInclude>
    <ClInclude Include="Orb.h">
      <Filter>Object\DynamicObject\Orb</Filter>
    </ClInclude>
    <ClInclude Include="tinystr.h">
      <Filter>TinyXML</Filter>
    </ClInclude>
    <ClInclude Include="tinyxml.h">
      <Filter>TinyXML</Filter>
    </ClInclude>
    <ClInclude Include="ResourceManager.h">
      <Filter>Resources</Filter>
    </ClInclude>
    <ClInclude Include="DynamicGameObject.h">
      <Filter>Object</Filter>
    </ClInclude>
    <ClInclude Include="Skull.h">
      <Filter>Object\DynamicObject\Skull</Filter>
    </ClInclude>
    <ClInclude Include="Teleporter.h">
      <Filter>Object\DynamicObject\Teleporter</Filter>
    </ClInclude>
    <ClInclude Include="Utils.h">
      <Filter>Utils</Filter>
    </ClInclude>
    <ClInclude Include="Sophia.h">
      <Filter>Object\DynamicObject\Player\Sophia</Filter>
    </ClInclude>
    <ClInclude Include="MiniJason.h">
      <Filter>Object\DynamicObject\Player\MiniJason</Filter>
    </ClInclude>
    <ClInclude Include="CTestScene.h">
      <Filter>Scenes</Filter>
    </ClInclude>
    <ClInclude Include="Worm.h">
      <Filter>Object\DynamicObject\Worm</Filter>
    </ClInclude>
    <ClInclude Include="Floater2.h">
      <Filter>Object\DynamicObject\Floater2</Filter>
    </ClInclude>
    <ClInclude Include="Scene.h">
      <Filter>FrameWork\Scene</Filter>
    </ClInclude>
    <ClInclude Include="Dome.h">
      <Filter>Object\DynamicObject\Dome</Filter>
    </ClInclude>
    <ClInclude Include="Mine.h">
      <Filter>Object\DynamicObject\Mine</Filter>
    </ClInclude>
    <ClInclude Include="Section.h">
      <Filter>FrameWork\Section</Filter>
    </ClInclude>
    <ClInclude Include="SectionTransition.h">
      <Filter>FrameWork\Section\Transition</Filter>
    </ClInclude>
    <ClInclude Include="Cannon.h">
      <Filter>Object\DynamicObject\Cannon</Filter>
    </ClInclude>
    <ClInclude Include="Eyeball.h">
      <Filter>Object\DynamicObject\Eyeball</Filter>
    </ClInclude>
    <ClInclude Include="Boss.h">
      <Filter>Object\DynamicObject\Boss</Filter>
    </ClInclude>
    <ClInclude Include="Hand.h">
      <Filter>Object\DynamicObject\Boss</Filter>
    </ClInclude>
    <ClInclude Include="Bullet.h">
      <Filter>Object\DynamicObject\Bullet</Filter>
    </ClInclude>
    <ClInclude Include="Sound.h">
      <Filter>FrameWork\Sound</Filter>
    </ClInclude>
    <ClInclude Include="HPBar.h">
      <Filter>Object\DynamicObject\StatusBar\HpBar</Filter>
    </ClInclude>
    <ClInclude Include="Jason.h">
      <Filter>Object\DynamicObject\Player\Jason</Filter>
    </ClInclude>
    <ClInclude Include="OvwSectionTransition.h">
      <Filter>FrameWork\Section\Transition</Filter>
    </ClInclude>
    <ClInclude Include="AreaSectionTransition.h">
      <Filter>FrameWork\Section\Transition</Filter>
    </ClInclude>
    <ClInclude Include="SaveData.h">
      <Filter>FrameWork\SaveData</Filter>
    </ClInclude>
    <ClInclude Include="SectionOvw.h">
      <Filter>FrameWork\Section</Filter>
    </ClInclude>
    <ClInclude Include="SectionArea.h">
      <Filter>FrameWork\Section</Filter>
    </ClInclude>
    <ClInclude Include="SceneGate.h">
      <Filter>Object\StaticObject\Gate</Filter>
    </ClInclude>
    <ClInclude Include="JasonBullet.h">
      <Filter>Object\DynamicObject\Bullet\JasonBullet</Filter>
    </ClInclude>
    <ClInclude Include="BaseBullet.h">
      <Filter>Object\DynamicObject\Bullet</Filter>
    </ClInclude>
    <ClInclude Include="MainPlayer.h">
      <Filter>Object\DynamicObject\Player</Filter>
    </ClInclude>
    <ClInclude Include="SophiaBullet.h">
      <Filter>Object\DynamicObject\Bullet\SophiaBullet</Filter>
    </ClInclude>
    <ClInclude Include="MiniJasonBullet.h">
      <Filter>Object\DynamicObject\Bullet\MiniJasonBullet</Filter>
    </ClInclude>
  </ItemGroup>
  <ItemGroup>
    <ClCompile Include="Camera.cpp">
      <Filter>FrameWork\Camera</Filter>
    </ClCompile>
    <ClCompile Include="Sprites.cpp">
      <Filter>FrameWork\Animation</Filter>
    </ClCompile>
    <ClCompile Include="Textures.cpp">
      <Filter>FrameWork\Animation</Filter>
    </ClCompile>
    <ClCompile Include="Grid.cpp">
      <Filter>FrameWork\Grid</Filter>
    </ClCompile>
    <ClCompile Include="Main.cpp">
      <Filter>WinMain</Filter>
    </ClCompile>
    <ClCompile Include="Game.cpp">
      <Filter>Game</Filter>
    </ClCompile>
    <ClCompile Include="GameObject.cpp">
      <Filter>Object</Filter>
    </ClCompile>
    <ClCompile Include="StaticGameObject.cpp">
      <Filter>Object</Filter>
    </ClCompile>
    <ClCompile Include="Brick.cpp">
      <Filter>Object\StaticObject\Brick</Filter>
    </ClCompile>
    <ClCompile Include="CGate.cpp">
      <Filter>Object\StaticObject\Gate</Filter>
    </ClCompile>
    <ClCompile Include="CLadder.cpp">
      <Filter>Object\StaticObject\Ladder</Filter>
    </ClCompile>
    <ClCompile Include="CMagma.cpp">
      <Filter>Object\StaticObject\Magma</Filter>
    </ClCompile>
    <ClCompile Include="Insect.cpp">
      <Filter>Object\DynamicObject\Insect</Filter>
    </ClCompile>
    <ClCompile Include="Jumper2.cpp">
      <Filter>Object\DynamicObject\Jumper2</Filter>
    </ClCompile>
    <ClCompile Include="Orb.cpp">
      <Filter>Object\DynamicObject\Orb</Filter>
    </ClCompile>
    <ClCompile Include="tinystr.cpp">
      <Filter>TinyXML</Filter>
    </ClCompile>
    <ClCompile Include="tinyxml.cpp">
      <Filter>TinyXML</Filter>
    </ClCompile>
    <ClCompile Include="tinyxmlerror.cpp">
      <Filter>TinyXML</Filter>
    </ClCompile>
    <ClCompile Include="tinyxmlparser.cpp">
      <Filter>TinyXML</Filter>
    </ClCompile>
    <ClCompile Include="ResourceManager.cpp">
      <Filter>Resources</Filter>
    </ClCompile>
    <ClCompile Include="DynamicGameObject.cpp">
      <Filter>Object</Filter>
    </ClCompile>
    <ClCompile Include="Skull.cpp">
      <Filter>Object\DynamicObject\Skull</Filter>
    </ClCompile>
    <ClCompile Include="Teleporter.cpp">
      <Filter>Object\DynamicObject\Teleporter</Filter>
    </ClCompile>
    <ClCompile Include="Utils.cpp">
      <Filter>Utils</Filter>
    </ClCompile>
    <ClCompile Include="Sophia.cpp">
      <Filter>Object\DynamicObject\Player\Sophia</Filter>
    </ClCompile>
    <ClCompile Include="MiniJason.cpp">
      <Filter>Object\DynamicObject\Player\MiniJason</Filter>
    </ClCompile>
    <ClCompile Include="CTestScene.cpp">
      <Filter>Scenes</Filter>
    </ClCompile>
    <ClCompile Include="Worm.cpp">
      <Filter>Object\DynamicObject\Worm</Filter>
    </ClCompile>
    <ClCompile Include="Floater2.cpp">
      <Filter>Object\DynamicObject\Floater2</Filter>
    </ClCompile>
    <ClCompile Include="Scene.cpp">
      <Filter>FrameWork\Scene</Filter>
    </ClCompile>
    <ClCompile Include="Dome.cpp">
      <Filter>Object\DynamicObject\Dome</Filter>
    </ClCompile>
    <ClCompile Include="Mine.cpp">
      <Filter>Object\DynamicObject\Mine</Filter>
    </ClCompile>
    <ClCompile Include="Section.cpp">
      <Filter>FrameWork\Section</Filter>
    </ClCompile>
    <ClCompile Include="SectionTransition.cpp">
      <Filter>FrameWork\Section\Transition</Filter>
    </ClCompile>
    <ClCompile Include="Cannon.cpp">
      <Filter>Object\DynamicObject\Cannon</Filter>
    </ClCompile>
    <ClCompile Include="Eyeball.cpp">
      <Filter>Object\DynamicObject\Eyeball</Filter>
    </ClCompile>
    <ClCompile Include="Boss.cpp">
      <Filter>Object\DynamicObject\Boss</Filter>
    </ClCompile>
    <ClCompile Include="Hand.cpp">
      <Filter>Object\DynamicObject\Boss</Filter>
    </ClCompile>
    <ClCompile Include="Bullet.cpp">
      <Filter>Object\DynamicObject\Bullet</Filter>
    </ClCompile>
    <ClCompile Include="Sound.cpp">
      <Filter>FrameWork\Sound</Filter>
    </ClCompile>
    <ClCompile Include="HPBar.cpp">
      <Filter>Object\DynamicObject\StatusBar\HpBar</Filter>
    </ClCompile>
    <ClCompile Include="Jason.cpp">
      <Filter>Object\DynamicObject\Player\Jason</Filter>
    </ClCompile>
    <ClCompile Include="OvwSectionTransition.cpp">
      <Filter>FrameWork\Section\Transition</Filter>
    </ClCompile>
    <ClCompile Include="AreaSectionTransition.cpp">
      <Filter>FrameWork\Section\Transition</Filter>
    </ClCompile>
    <ClCompile Include="SectionOvw.cpp">
      <Filter>FrameWork\Section</Filter>
    </ClCompile>
    <ClCompile Include="SectionArea.cpp">
      <Filter>FrameWork\Section</Filter>
    </ClCompile>
    <ClCompile Include="SceneGate.cpp">
      <Filter>Object\StaticObject\Gate</Filter>
    </ClCompile>
    <ClCompile Include="JasonBullet.cpp">
      <Filter>Object\DynamicObject\Bullet\JasonBullet</Filter>
    </ClCompile>
    <ClCompile Include="BaseBullet.cpp">
      <Filter>Object\DynamicObject\Bullet</Filter>
    </ClCompile>
    <ClCompile Include="SophiaBullet.cpp">
      <Filter>Object\DynamicObject\Bullet\SophiaBullet</Filter>
    </ClCompile>
    <ClCompile Include="MiniJasonBullet.cpp">
      <Filter>Object\DynamicObject\Bullet\MiniJasonBullet</Filter>
    </ClCompile>
  </ItemGroup>
  <ItemGroup>
    <Image Include="BlasterMaster.ico">
      <Filter>Resources\GameIcon</Filter>
    </Image>
    <Image Include="enemy.png">
      <Filter>Resources\Sprites\Enemy</Filter>
    </Image>
    <Image Include="area2-tile.png">
      <Filter>Resources\Sprites\Map\Area2</Filter>
    </Image>
    <Image Include="Jason.png">
      <Filter>Resources\Sprites\Player</Filter>
    </Image>
    <Image Include="Sophia.png">
      <Filter>Resources\Sprites\Player</Filter>
    </Image>
    <Image Include="Items.png">
      <Filter>Resources\Sprites\Item</Filter>
    </Image>
    <Image Include="Resource\Foreground\area2_fg.png">
      <Filter>Resources\Foreground</Filter>
    </Image>
    <Image Include="Resource\Background\area2_bg.png">
      <Filter>Resources\Background</Filter>
    </Image>
    <Image Include="boss.png">
      <Filter>Resources\Sprites\Boss</Filter>
    </Image>
    <Image Include="Resource\StatusBar\StatusBar.png">
      <Filter>Resources\Sprites\StatusBar</Filter>
    </Image>
    <Image Include="Resource\tileset\overworld_tileset.png">
      <Filter>Resources\Sprites\Map\Overworld</Filter>
    </Image>
    <Image Include="Resource\Background\overworld_bg.png">
      <Filter>Resources\Background</Filter>
    </Image>
    <Image Include="Resource\Foreground\overworld_fg.png">
      <Filter>Resources\Foreground</Filter>
    </Image>
    <Image Include="Resource\Background\bbox.png">
      <Filter>Resources\Background</Filter>
    </Image>
  </ItemGroup>
  <ItemGroup>
    <Text Include="Resource\Config\Area2\area2.txt">
      <Filter>Resources\Config\area2</Filter>
    </Text>
    <Text Include="Resource\Config\Area2\area2_secA.txt">
      <Filter>Resources\Config\area2</Filter>
    </Text>
    <Text Include="Resource\Config\Area2\area2_secB.txt">
      <Filter>Resources\Config\area2</Filter>
    </Text>
    <Text Include="Resource\Config\Area2\area2_secC.txt">
      <Filter>Resources\Config\area2</Filter>
    </Text>
    <Text Include="Resource\Config\Area2\area2_secD.txt">
      <Filter>Resources\Config\area2</Filter>
    </Text>
    <Text Include="Resource\Config\Area2\area2_secE.txt">
      <Filter>Resources\Config\area2</Filter>
    </Text>
    <Text Include="Resource\Config\Area2\area2_secF.txt">
      <Filter>Resources\Config\area2</Filter>
    </Text>
    <Text Include="Resource\Config\Area2\area2_secG.txt">
      <Filter>Resources\Config\area2</Filter>
    </Text>
    <Text Include="Resource\Config\Area2\area2_secH.txt">
      <Filter>Resources\Config\area2</Filter>
    </Text>
    <Text Include="Resource\Config\Area2\area2_secI.txt">
      <Filter>Resources\Config\area2</Filter>
    </Text>
    <Text Include="Resource\Config\Area2\area2_secJ.txt">
      <Filter>Resources\Config\area2</Filter>
    </Text>
    <Text Include="Resource\Config\Area2\area2_secK.txt">
      <Filter>Resources\Config\area2</Filter>
    </Text>
    <Text Include="Resource\Config\Area2\area2_secL.txt">
      <Filter>Resources\Config\area2</Filter>
    </Text>
    <Text Include="Resource\Config\Area2\area2_secM.txt">
      <Filter>Resources\Config\area2</Filter>
    </Text>
    <Text Include="Resource\Config\Area2\area2_secN.txt">
      <Filter>Resources\Config\area2</Filter>
    </Text>
    <Text Include="Resource\Config\Area2\area2_secO.txt">
      <Filter>Resources\Config\area2</Filter>
    </Text>
    <Text Include="Resource\Config\Gameworld.txt">
      <Filter>Resources\Config</Filter>
    </Text>
    <Text Include="Resource\Config\scene-test.txt">
      <Filter>Resources\Config</Filter>
    </Text>
    <Text Include="Resource\Config\OverWorld\overworld.txt">
      <Filter>Resources\Config\overworld</Filter>
    </Text>
    <Text Include="Resource\Config\OverWorld\ovw_sec1.txt">
      <Filter>Resources\Config\overworld</Filter>
    </Text>
    <Text Include="Resource\Config\OverWorld\ovw_sec2.txt">
      <Filter>Resources\Config\overworld</Filter>
    </Text>
    <Text Include="Resource\Config\OverWorld\ovw_sec8.txt">
      <Filter>Resources\Config\overworld</Filter>
    </Text>
    <Text Include="Resource\Config\OverWorld\ovw_sec3.txt">
      <Filter>Resources\Config\overworld</Filter>
    </Text>
    <Text Include="Resource\Config\OverWorld\ovw_sec4.txt">
      <Filter>Resources\Config\overworld</Filter>
    </Text>
    <Text Include="Resource\Config\OverWorld\ovw_sec5.txt">
      <Filter>Resources\Config\overworld</Filter>
    </Text>
    <Text Include="Resource\Config\OverWorld\ovw_sec6.txt">
      <Filter>Resources\Config\overworld</Filter>
    </Text>
    <Text Include="Resource\Config\OverWorld\ovw_sec7.txt">
      <Filter>Resources\Config\overworld</Filter>
    </Text>
    <Text Include="Resource\Config\OverWorld\ovw_sec9.txt">
      <Filter>Resources\Config\overworld</Filter>
    </Text>
    <Text Include="Resource\Config\OverWorld\ovw_sec11.txt">
      <Filter>Resources\Config\overworld</Filter>
    </Text>
    <Text Include="Resource\Config\OverWorld\ovw_sec12.txt">
      <Filter>Resources\Config\overworld</Filter>
    </Text>
    <Text Include="Resource\Config\OverWorld\ovw_sec14.txt">
      <Filter>Resources\Config\overworld</Filter>
    </Text>
    <Text Include="Resource\Config\OverWorld\ovw_sec15.txt">
      <Filter>Resources\Config\overworld</Filter>
    </Text>
    <Text Include="Resource\Config\OverWorld\ovw_sec17.txt">
      <Filter>Resources\Config\overworld</Filter>
    </Text>
    <Text Include="Resource\Config\OverWorld\ovw_sec19.txt">
      <Filter>Resources\Config\overworld</Filter>
    </Text>
    <Text Include="Resource\Config\OverWorld\ovw_sec10.txt">
      <Filter>Resources\Config\overworld</Filter>
    </Text>
    <Text Include="Resource\Config\OverWorld\ovw_sec13.txt">
      <Filter>Resources\Config\overworld</Filter>
    </Text>
    <Text Include="Resource\Config\OverWorld\ovw_sec16.txt">
      <Filter>Resources\Config\overworld</Filter>
    </Text>
    <Text Include="Resource\Config\OverWorld\ovw_sec18.txt">
      <Filter>Resources\Config\overworld</Filter>
    </Text>
    <Text Include="Resource\Config\OverWorld\ovw_sec20.txt">
      <Filter>Resources\Config\overworld</Filter>
    </Text>
    <Text Include="Resource\Config\OverWorld\ovw_sec21.txt">
      <Filter>Resources\Config\overworld</Filter>
    </Text>
    <Text Include="Resource\Config\OverWorld\ovw_sec22.txt">
      <Filter>Resources\Config\overworld</Filter>
    </Text>
    <Text Include="Resource\Config\OverWorld\ovw_sec23.txt">
      <Filter>Resources\Config\overworld</Filter>
    </Text>
    <Text Include="Resource\Config\OverWorld\ovw_sec24.txt">
      <Filter>Resources\Config\overworld</Filter>
    </Text>
    <Text Include="Resource\Config\OverWorld\ovw_sec25.txt">
      <Filter>Resources\Config\overworld</Filter>
    </Text>
    <Text Include="Resource\Config\OverWorld\ovw_sec26.txt">
      <Filter>Resources\Config\overworld</Filter>
    </Text>
    <Text Include="Resource\Config\OverWorld\ovw_sec27.txt">
      <Filter>Resources\Config\overworld</Filter>
    </Text>
    <Text Include="Resource\Config\OverWorld\ovw_sec28.txt">
      <Filter>Resources\Config\overworld</Filter>
    </Text>
    <Text Include="Resource\Config\OverWorld\ovw_sec29.txt">
      <Filter>Resources\Config\overworld</Filter>
    </Text>
    <Text Include="Resource\Config\OverWorld\ovw_sec30.txt">
      <Filter>Resources\Config\overworld</Filter>
    </Text>
    <Text Include="Resource\Config\OverWorld\ovw_sec31.txt">
      <Filter>Resources\Config\overworld</Filter>
    </Text>
    <Text Include="Resource\Config\OverWorld\ovw_sec32.txt">
      <Filter>Resources\Config\overworld</Filter>
    </Text>
    <Text Include="Resource\Config\OverWorld\ovw_sec33.txt">
      <Filter>Resources\Config\overworld</Filter>
    </Text>
    <Text Include="Resource\Config\OverWorld\ovw_sec34.txt">
      <Filter>Resources\Config\overworld</Filter>
    </Text>
    <Text Include="Resource\Config\OverWorld\ovw_sec35.txt">
      <Filter>Resources\Config\overworld</Filter>
    </Text>
  </ItemGroup>
  <ItemGroup>
    <Media Include="Resource\Sound\lvl2.wav">
      <Filter>Resources\Sound</Filter>
    </Media>
    <Media Include="Resource\Sound\Jump.wav">
      <Filter>Resources\Sound</Filter>
    </Media>
    <Media Include="Resource\Sound\SonicBoom.wav">
      <Filter>Resources\Sound</Filter>
    </Media>
    <Media Include="Resource\Sound\SophiaDed.wav">
      <Filter>Resources\Sound</Filter>
    </Media>
    <Media Include="Resource\Sound\SophiaFire.wav">
      <Filter>Resources\Sound</Filter>
    </Media>
    <Media Include="Resource\Sound\Hit.wav">
      <Filter>Resources\Sound</Filter>
    </Media>
    <Media Include="Resource\Sound\Boss.wav">
      <Filter>Resources\Sound</Filter>
    </Media>
    <Media Include="Resource\Sound\Canon.wav">
      <Filter>Resources\Sound</Filter>
    </Media>
    <Media Include="Resource\Sound\Dome.wav">
      <Filter>Resources\Sound</Filter>
    </Media>
    <Media Include="Resource\Sound\Fly.wav">
      <Filter>Resources\Sound</Filter>
    </Media>
    <Media Include="Resource\Sound\JasonDed.wav">
      <Filter>Resources\Sound</Filter>
    </Media>
    <Media Include="Resource\Sound\JasonFire.wav">
      <Filter>Resources\Sound</Filter>
    </Media>
    <Media Include="Resource\Sound\JasonGunBoom.wav">
      <Filter>Resources\Sound</Filter>
    </Media>
    <Media Include="Resource\Sound\JasonHit.wav">
      <Filter>Resources\Sound</Filter>
    </Media>
    <Media Include="Resource\Sound\Jumper.wav">
      <Filter>Resources\Sound</Filter>
    </Media>
    <Media Include="Resource\Sound\Mine.wav">
      <Filter>Resources\Sound</Filter>
    </Media>
    <Media Include="Resource\Sound\MiniJasonFire.wav">
      <Filter>Resources\Sound</Filter>
    </Media>
    <Media Include="Resource\Sound\Skull.wav">
      <Filter>Resources\Sound</Filter>
    </Media>
    <Media Include="Resource\Sound\Tele.wav">
      <Filter>Resources\Sound</Filter>
    </Media>
    <Media Include="Resource\Sound\Worm.wav">
      <Filter>Resources\Sound</Filter>
    </Media>
  </ItemGroup>
</Project>